// !$*UTF8*$!
{
	archiveVersion = 1;
	classes = {
	};
	objectVersion = 50;
	objects = {

/* Begin PBXBuildFile section */
		D17A3BD8246408C800E8DB11 /* AppDelegate.swift in Sources */ = {isa = PBXBuildFile; fileRef = D17A3BD7246408C800E8DB11 /* AppDelegate.swift */; };
		D17A3BDC246408C800E8DB11 /* BrowserViewController.swift in Sources */ = {isa = PBXBuildFile; fileRef = D17A3BDB246408C800E8DB11 /* BrowserViewController.swift */; };
		D17A3BDF246408C800E8DB11 /* Main.storyboard in Resources */ = {isa = PBXBuildFile; fileRef = D17A3BDD246408C800E8DB11 /* Main.storyboard */; };
		D17A3BE1246408C900E8DB11 /* Assets.xcassets in Resources */ = {isa = PBXBuildFile; fileRef = D17A3BE0246408C900E8DB11 /* Assets.xcassets */; };
		D17A3BE4246408C900E8DB11 /* LaunchScreen.storyboard in Resources */ = {isa = PBXBuildFile; fileRef = D17A3BE2246408C900E8DB11 /* LaunchScreen.storyboard */; };
		D1A864ED24643C47003C3031 /* Extension+String.swift in Sources */ = {isa = PBXBuildFile; fileRef = D1A864EC24643C47003C3031 /* Extension+String.swift */; };
		D1A864EF246447B1003C3031 /* HistoryViewController.swift in Sources */ = {isa = PBXBuildFile; fileRef = D1A864EE246447B1003C3031 /* HistoryViewController.swift */; };
/* End PBXBuildFile section */

/* Begin PBXFileReference section */
		D17A3BD4246408C800E8DB11 /* InvoltaBrowser.app */ = {isa = PBXFileReference; explicitFileType = wrapper.application; includeInIndex = 0; path = InvoltaBrowser.app; sourceTree = BUILT_PRODUCTS_DIR; };
		D17A3BD7246408C800E8DB11 /* AppDelegate.swift */ = {isa = PBXFileReference; lastKnownFileType = sourcecode.swift; path = AppDelegate.swift; sourceTree = "<group>"; };
		D17A3BDB246408C800E8DB11 /* BrowserViewController.swift */ = {isa = PBXFileReference; lastKnownFileType = sourcecode.swift; path = BrowserViewController.swift; sourceTree = "<group>"; };
		D17A3BDE246408C800E8DB11 /* Base */ = {isa = PBXFileReference; lastKnownFileType = file.storyboard; name = Base; path = Base.lproj/Main.storyboard; sourceTree = "<group>"; };
		D17A3BE0246408C900E8DB11 /* Assets.xcassets */ = {isa = PBXFileReference; lastKnownFileType = folder.assetcatalog; path = Assets.xcassets; sourceTree = "<group>"; };
		D17A3BE3246408C900E8DB11 /* Base */ = {isa = PBXFileReference; lastKnownFileType = file.storyboard; name = Base; path = Base.lproj/LaunchScreen.storyboard; sourceTree = "<group>"; };
		D17A3BE5246408C900E8DB11 /* Info.plist */ = {isa = PBXFileReference; lastKnownFileType = text.plist.xml; path = Info.plist; sourceTree = "<group>"; };
		D1A864EC24643C47003C3031 /* Extension+String.swift */ = {isa = PBXFileReference; lastKnownFileType = sourcecode.swift; path = "Extension+String.swift"; sourceTree = "<group>"; };
		D1A864EE246447B1003C3031 /* HistoryViewController.swift */ = {isa = PBXFileReference; lastKnownFileType = sourcecode.swift; path = HistoryViewController.swift; sourceTree = "<group>"; };
/* End PBXFileReference section */

/* Begin PBXFrameworksBuildPhase section */
		D17A3BD1246408C800E8DB11 /* Frameworks */ = {
			isa = PBXFrameworksBuildPhase;
			buildActionMask = 2147483647;
			files = (
			);
			runOnlyForDeploymentPostprocessing = 0;
		};
/* End PBXFrameworksBuildPhase section */

/* Begin PBXGroup section */
		D13C1E3824647A550065C427 /* Application */ = {
			isa = PBXGroup;
			children = (
				D17A3BD7246408C800E8DB11 /* AppDelegate.swift */,
				D17A3BE5246408C900E8DB11 /* Info.plist */,
			);
			path = Application;
			sourceTree = "<group>";
		};
		D13C1E3924647A750065C427 /* Controllers */ = {
			isa = PBXGroup;
			children = (
				D17A3BDB246408C800E8DB11 /* BrowserViewController.swift */,
				D1A864EE246447B1003C3031 /* HistoryViewController.swift */,
			);
			path = Controllers;
			sourceTree = "<group>";
		};
		D13C1E3A24647A8C0065C427 /* Storyboards */ = {
			isa = PBXGroup;
			children = (
				D17A3BDD246408C800E8DB11 /* Main.storyboard */,
				D17A3BE2246408C900E8DB11 /* LaunchScreen.storyboard */,
			);
			path = Storyboards;
			sourceTree = "<group>";
		};
		D13C1E3B24647A980065C427 /* Extensions */ = {
			isa = PBXGroup;
			children = (
				D1A864EC24643C47003C3031 /* Extension+String.swift */,
			);
			path = Extensions;
			sourceTree = "<group>";
		};
		D13C1E3C24647AA60065C427 /* Resources */ = {
			isa = PBXGroup;
			children = (
				D17A3BE0246408C900E8DB11 /* Assets.xcassets */,
			);
			path = Resources;
			sourceTree = "<group>";
		};
		D17A3BCB246408C800E8DB11 = {
			isa = PBXGroup;
			children = (
				D17A3BD6246408C800E8DB11 /* InvoltaBrowser */,
				D17A3BD5246408C800E8DB11 /* Products */,
			);
			sourceTree = "<group>";
		};
		D17A3BD5246408C800E8DB11 /* Products */ = {
			isa = PBXGroup;
			children = (
				D17A3BD4246408C800E8DB11 /* InvoltaBrowser.app */,
			);
			name = Products;
			sourceTree = "<group>";
		};
		D17A3BD6246408C800E8DB11 /* InvoltaBrowser */ = {
			isa = PBXGroup;
			children = (
				D13C1E3824647A550065C427 /* Application */,
				D13C1E3B24647A980065C427 /* Extensions */,
				D13C1E3924647A750065C427 /* Controllers */,
				D13C1E3A24647A8C0065C427 /* Storyboards */,
				D13C1E3C24647AA60065C427 /* Resources */,
			);
			path = InvoltaBrowser;
			sourceTree = "<group>";
		};
/* End PBXGroup section */

/* Begin PBXNativeTarget section */
		D17A3BD3246408C800E8DB11 /* InvoltaBrowser */ = {
			isa = PBXNativeTarget;
			buildConfigurationList = D17A3BE8246408C900E8DB11 /* Build configuration list for PBXNativeTarget "InvoltaBrowser" */;
			buildPhases = (
				D17A3BD0246408C800E8DB11 /* Sources */,
				D17A3BD1246408C800E8DB11 /* Frameworks */,
				D17A3BD2246408C800E8DB11 /* Resources */,
			);
			buildRules = (
			);
			dependencies = (
			);
			name = InvoltaBrowser;
			productName = InvoltaBrowser;
			productReference = D17A3BD4246408C800E8DB11 /* InvoltaBrowser.app */;
			productType = "com.apple.product-type.application";
		};
/* End PBXNativeTarget section */

/* Begin PBXProject section */
		D17A3BCC246408C800E8DB11 /* Project object */ = {
			isa = PBXProject;
			attributes = {
				LastSwiftUpdateCheck = 1130;
				LastUpgradeCheck = 1130;
				ORGANIZATIONNAME = "Zhassulan Aimukhambetov";
				TargetAttributes = {
					D17A3BD3246408C800E8DB11 = {
						CreatedOnToolsVersion = 11.3.1;
					};
				};
			};
			buildConfigurationList = D17A3BCF246408C800E8DB11 /* Build configuration list for PBXProject "InvoltaBrowser" */;
			compatibilityVersion = "Xcode 9.3";
			developmentRegion = en;
			hasScannedForEncodings = 0;
			knownRegions = (
				en,
				Base,
			);
			mainGroup = D17A3BCB246408C800E8DB11;
			productRefGroup = D17A3BD5246408C800E8DB11 /* Products */;
			projectDirPath = "";
			projectRoot = "";
			targets = (
				D17A3BD3246408C800E8DB11 /* InvoltaBrowser */,
			);
		};
/* End PBXProject section */

/* Begin PBXResourcesBuildPhase section */
		D17A3BD2246408C800E8DB11 /* Resources */ = {
			isa = PBXResourcesBuildPhase;
			buildActionMask = 2147483647;
			files = (
				D17A3BE4246408C900E8DB11 /* LaunchScreen.storyboard in Resources */,
				D17A3BE1246408C900E8DB11 /* Assets.xcassets in Resources */,
				D17A3BDF246408C800E8DB11 /* Main.storyboard in Resources */,
			);
			runOnlyForDeploymentPostprocessing = 0;
		};
/* End PBXResourcesBuildPhase section */

/* Begin PBXSourcesBuildPhase section */
		D17A3BD0246408C800E8DB11 /* Sources */ = {
			isa = PBXSourcesBuildPhase;
			buildActionMask = 2147483647;
			files = (
				D17A3BDC246408C800E8DB11 /* BrowserViewController.swift in Sources */,
				D1A864ED24643C47003C3031 /* Extension+String.swift in Sources */,
				D17A3BD8246408C800E8DB11 /* AppDelegate.swift in Sources */,
				D1A864EF246447B1003C3031 /* HistoryViewController.swift in Sources */,
			);
			runOnlyForDeploymentPostprocessing = 0;
		};
/* End PBXSourcesBuildPhase section */

/* Begin PBXVariantGroup section */
		D17A3BDD246408C800E8DB11 /* Main.storyboard */ = {
			isa = PBXVariantGroup;
			children = (
				D17A3BDE246408C800E8DB11 /* Base */,
			);
			name = Main.storyboard;
			sourceTree = "<group>";
		};
		D17A3BE2246408C900E8DB11 /* LaunchScreen.storyboard */ = {
			isa = PBXVariantGroup;
			children = (
				D17A3BE3246408C900E8DB11 /* Base */,
			);
			name = LaunchScreen.storyboard;
			sourceTree = "<group>";
		};
/* End PBXVariantGroup section */

/* Begin XCBuildConfiguration section */
		D17A3BE6246408C900E8DB11 /* Debug */ = {
			isa = XCBuildConfiguration;
			buildSettings = {
				ALWAYS_SEARCH_USER_PATHS = NO;
				CLANG_ANALYZER_NONNULL = YES;
				CLANG_ANALYZER_NUMBER_OBJECT_CONVERSION = YES_AGGRESSIVE;
				CLANG_CXX_LANGUAGE_STANDARD = "gnu++14";
				CLANG_CXX_LIBRARY = "libc++";
				CLANG_ENABLE_MODULES = YES;
				CLANG_ENABLE_OBJC_ARC = YES;
				CLANG_ENABLE_OBJC_WEAK = YES;
				CLANG_WARN_BLOCK_CAPTURE_AUTORELEASING = YES;
				CLANG_WARN_BOOL_CONVERSION = YES;
				CLANG_WARN_COMMA = YES;
				CLANG_WARN_CONSTANT_CONVERSION = YES;
				CLANG_WARN_DEPRECATED_OBJC_IMPLEMENTATIONS = YES;
				CLANG_WARN_DIRECT_OBJC_ISA_USAGE = YES_ERROR;
				CLANG_WARN_DOCUMENTATION_COMMENTS = YES;
				CLANG_WARN_EMPTY_BODY = YES;
				CLANG_WARN_ENUM_CONVERSION = YES;
				CLANG_WARN_INFINITE_RECURSION = YES;
				CLANG_WARN_INT_CONVERSION = YES;
				CLANG_WARN_NON_LITERAL_NULL_CONVERSION = YES;
				CLANG_WARN_OBJC_IMPLICIT_RETAIN_SELF = YES;
				CLANG_WARN_OBJC_LITERAL_CONVERSION = YES;
				CLANG_WARN_OBJC_ROOT_CLASS = YES_ERROR;
				CLANG_WARN_RANGE_LOOP_ANALYSIS = YES;
				CLANG_WARN_STRICT_PROTOTYPES = YES;
				CLANG_WARN_SUSPICIOUS_MOVE = YES;
				CLANG_WARN_UNGUARDED_AVAILABILITY = YES_AGGRESSIVE;
				CLANG_WARN_UNREACHABLE_CODE = YES;
				CLANG_WARN__DUPLICATE_METHOD_MATCH = YES;
				COPY_PHASE_STRIP = NO;
				DEBUG_INFORMATION_FORMAT = dwarf;
				ENABLE_STRICT_OBJC_MSGSEND = YES;
				ENABLE_TESTABILITY = YES;
				GCC_C_LANGUAGE_STANDARD = gnu11;
				GCC_DYNAMIC_NO_PIC = NO;
				GCC_NO_COMMON_BLOCKS = YES;
				GCC_OPTIMIZATION_LEVEL = 0;
				GCC_PREPROCESSOR_DEFINITIONS = (
					"DEBUG=1",
					"$(inherited)",
				);
				GCC_WARN_64_TO_32_BIT_CONVERSION = YES;
				GCC_WARN_ABOUT_RETURN_TYPE = YES_ERROR;
				GCC_WARN_UNDECLARED_SELECTOR = YES;
				GCC_WARN_UNINITIALIZED_AUTOS = YES_AGGRESSIVE;
				GCC_WARN_UNUSED_FUNCTION = YES;
				GCC_WARN_UNUSED_VARIABLE = YES;
				IPHONEOS_DEPLOYMENT_TARGET = 13.2;
				MTL_ENABLE_DEBUG_INFO = INCLUDE_SOURCE;
				MTL_FAST_MATH = YES;
				ONLY_ACTIVE_ARCH = YES;
				SDKROOT = iphoneos;
				SWIFT_ACTIVE_COMPILATION_CONDITIONS = DEBUG;
				SWIFT_OPTIMIZATION_LEVEL = "-Onone";
			};
			name = Debug;
		};
		D17A3BE7246408C900E8DB11 /* Release */ = {
			isa = XCBuildConfiguration;
			buildSettings = {
				ALWAYS_SEARCH_USER_PATHS = NO;
				CLANG_ANALYZER_NONNULL = YES;
				CLANG_ANALYZER_NUMBER_OBJECT_CONVERSION = YES_AGGRESSIVE;
				CLANG_CXX_LANGUAGE_STANDARD = "gnu++14";
				CLANG_CXX_LIBRARY = "libc++";
				CLANG_ENABLE_MODULES = YES;
				CLANG_ENABLE_OBJC_ARC = YES;
				CLANG_ENABLE_OBJC_WEAK = YES;
				CLANG_WARN_BLOCK_CAPTURE_AUTORELEASING = YES;
				CLANG_WARN_BOOL_CONVERSION = YES;
				CLANG_WARN_COMMA = YES;
				CLANG_WARN_CONSTANT_CONVERSION = YES;
				CLANG_WARN_DEPRECATED_OBJC_IMPLEMENTATIONS = YES;
				CLANG_WARN_DIRECT_OBJC_ISA_USAGE = YES_ERROR;
				CLANG_WARN_DOCUMENTATION_COMMENTS = YES;
				CLANG_WARN_EMPTY_BODY = YES;
				CLANG_WARN_ENUM_CONVERSION = YES;
				CLANG_WARN_INFINITE_RECURSION = YES;
				CLANG_WARN_INT_CONVERSION = YES;
				CLANG_WARN_NON_LITERAL_NULL_CONVERSION = YES;
				CLANG_WARN_OBJC_IMPLICIT_RETAIN_SELF = YES;
				CLANG_WARN_OBJC_LITERAL_CONVERSION = YES;
				CLANG_WARN_OBJC_ROOT_CLASS = YES_ERROR;
				CLANG_WARN_RANGE_LOOP_ANALYSIS = YES;
				CLANG_WARN_STRICT_PROTOTYPES = YES;
				CLANG_WARN_SUSPICIOUS_MOVE = YES;
				CLANG_WARN_UNGUARDED_AVAILABILITY = YES_AGGRESSIVE;
				CLANG_WARN_UNREACHABLE_CODE = YES;
				CLANG_WARN__DUPLICATE_METHOD_MATCH = YES;
				COPY_PHASE_STRIP = NO;
				DEBUG_INFORMATION_FORMAT = "dwarf-with-dsym";
				ENABLE_NS_ASSERTIONS = NO;
				ENABLE_STRICT_OBJC_MSGSEND = YES;
				GCC_C_LANGUAGE_STANDARD = gnu11;
				GCC_NO_COMMON_BLOCKS = YES;
				GCC_WARN_64_TO_32_BIT_CONVERSION = YES;
				GCC_WARN_ABOUT_RETURN_TYPE = YES_ERROR;
				GCC_WARN_UNDECLARED_SELECTOR = YES;
				GCC_WARN_UNINITIALIZED_AUTOS = YES_AGGRESSIVE;
				GCC_WARN_UNUSED_FUNCTION = YES;
				GCC_WARN_UNUSED_VARIABLE = YES;
				IPHONEOS_DEPLOYMENT_TARGET = 13.2;
				MTL_ENABLE_DEBUG_INFO = NO;
				MTL_FAST_MATH = YES;
				SDKROOT = iphoneos;
				SWIFT_COMPILATION_MODE = wholemodule;
				SWIFT_OPTIMIZATION_LEVEL = "-O";
				VALIDATE_PRODUCT = YES;
			};
			name = Release;
		};
		D17A3BE9246408C900E8DB11 /* Debug */ = {
			isa = XCBuildConfiguration;
			buildSettings = {
				ASSETCATALOG_COMPILER_APPICON_NAME = AppIcon;
				CODE_SIGN_STYLE = Automatic;
				DEVELOPMENT_TEAM = YPDU2X4R25;
				INFOPLIST_FILE = InvoltaBrowser/Application/Info.plist;
				LD_RUNPATH_SEARCH_PATHS = (
					"$(inherited)",
					"@executable_path/Frameworks",
				);
				PRODUCT_BUNDLE_IDENTIFIER = "Zhassulan-Aimukhambetov.InvoltaBrowser";
				PRODUCT_NAME = "$(TARGET_NAME)";
				SWIFT_VERSION = 5.0;
				TARGETED_DEVICE_FAMILY = "1,2";
			};
			name = Debug;
		};
		D17A3BEA246408C900E8DB11 /* Release */ = {
			isa = XCBuildConfiguration;
			buildSettings = {
				ASSETCATALOG_COMPILER_APPICON_NAME = AppIcon;
				CODE_SIGN_STYLE = Automatic;
				DEVELOPMENT_TEAM = YPDU2X4R25;
				INFOPLIST_FILE = InvoltaBrowser/Application/Info.plist;
				LD_RUNPATH_SEARCH_PATHS = (
					"$(inherited)",
					"@executable_path/Frameworks",
				);
				PRODUCT_BUNDLE_IDENTIFIER = "Zhassulan-Aimukhambetov.InvoltaBrowser";
				PRODUCT_NAME = "$(TARGET_NAME)";
				SWIFT_VERSION = 5.0;
				TARGETED_DEVICE_FAMILY = "1,2";
			};
			name = Release;
		};
/* End XCBuildConfiguration section */

/* Begin XCConfigurationList section */
		D17A3BCF246408C800E8DB11 /* Build configuration list for PBXProject "InvoltaBrowser" */ = {
			isa = XCConfigurationList;
			buildConfigurations = (
				D17A3BE6246408C900E8DB11 /* Debug */,
				D17A3BE7246408C900E8DB11 /* Release */,
			);
			defaultConfigurationIsVisible = 0;
			defaultConfigurationName = Release;
		};
		D17A3BE8246408C900E8DB11 /* Build configuration list for PBXNativeTarget "InvoltaBrowser" */ = {
			isa = XCConfigurationList;
			buildConfigurations = (
				D17A3BE9246408C900E8DB11 /* Debug */,
				D17A3BEA246408C900E8DB11 /* Release */,
			);
			defaultConfigurationIsVisible = 0;
			defaultConfigurationName = Release;
		};
/* End XCConfigurationList section */
	};
	rootObject = D17A3BCC246408C800E8DB11 /* Project object */;
}
